// !$*UTF8*$!
{
	archiveVersion = 1;
	classes = {
	};
	objectVersion = 56;
	objects = {

/* Begin PBXBuildFile section */
		AC5EB14E2BE6C13F006FDFAD /* MyRecentDogsCollectionViewCell.swift in Sources */ = {isa = PBXBuildFile; fileRef = AC5EB14C2BE6C13F006FDFAD /* MyRecentDogsCollectionViewCell.swift */; };
		AC5EB14F2BE6C13F006FDFAD /* MyRecentDogsCollectionViewCell.xib in Resources */ = {isa = PBXBuildFile; fileRef = AC5EB14D2BE6C13F006FDFAD /* MyRecentDogsCollectionViewCell.xib */; };
		AC9D6A482BE62570002F4945 /* StoryBoardUtility.swift in Sources */ = {isa = PBXBuildFile; fileRef = AC9D6A472BE62570002F4945 /* StoryBoardUtility.swift */; };
		AC9D6A4C2BE62F6D002F4945 /* APIRequest.swift in Sources */ = {isa = PBXBuildFile; fileRef = AC9D6A4B2BE62F6D002F4945 /* APIRequest.swift */; };
		AC9D6A4E2BE63175002F4945 /* APIClient.swift in Sources */ = {isa = PBXBuildFile; fileRef = AC9D6A4D2BE63175002F4945 /* APIClient.swift */; };
		AC9D6A522BE635AC002F4945 /* GenerateDogsModel.swift in Sources */ = {isa = PBXBuildFile; fileRef = AC9D6A512BE635AC002F4945 /* GenerateDogsModel.swift */; };
		AC9D6A542BE63930002F4945 /* GenerateDogsViewModel.swift in Sources */ = {isa = PBXBuildFile; fileRef = AC9D6A532BE63930002F4945 /* GenerateDogsViewModel.swift */; };
		AC9D6A562BE64157002F4945 /* CacheManager.swift in Sources */ = {isa = PBXBuildFile; fileRef = AC9D6A552BE64157002F4945 /* CacheManager.swift */; };
		ACED79602BE613820014C1F3 /* AppDelegate.swift in Sources */ = {isa = PBXBuildFile; fileRef = ACED795F2BE613820014C1F3 /* AppDelegate.swift */; };
		ACED79622BE613820014C1F3 /* SceneDelegate.swift in Sources */ = {isa = PBXBuildFile; fileRef = ACED79612BE613820014C1F3 /* SceneDelegate.swift */; };
		ACED79642BE613820014C1F3 /* HomeViewController.swift in Sources */ = {isa = PBXBuildFile; fileRef = ACED79632BE613820014C1F3 /* HomeViewController.swift */; };
		ACED79672BE613830014C1F3 /* Base in Resources */ = {isa = PBXBuildFile; fileRef = ACED79662BE613830014C1F3 /* Base */; };
		ACED79692BE613840014C1F3 /* Assets.xcassets in Resources */ = {isa = PBXBuildFile; fileRef = ACED79682BE613840014C1F3 /* Assets.xcassets */; };
		ACED796C2BE613840014C1F3 /* Base in Resources */ = {isa = PBXBuildFile; fileRef = ACED796B2BE613840014C1F3 /* Base */; };
		ACED79762BE619F50014C1F3 /* GenerateDogsViewController.swift in Sources */ = {isa = PBXBuildFile; fileRef = ACED79752BE619F50014C1F3 /* GenerateDogsViewController.swift */; };
		ACED79782BE61A350014C1F3 /* MyRecentlyDogsViewController.swift in Sources */ = {isa = PBXBuildFile; fileRef = ACED79772BE61A350014C1F3 /* MyRecentlyDogsViewController.swift */; };
		ACED797A2BE61D170014C1F3 /* RoundedButton.swift in Sources */ = {isa = PBXBuildFile; fileRef = ACED79792BE61D170014C1F3 /* RoundedButton.swift */; };
		C8CE62315B80D05A925F6CD3 /* Pods_Redog.framework in Frameworks */ = {isa = PBXBuildFile; fileRef = 27C90528E9FFB3CF715E8875 /* Pods_Redog.framework */; };
/* End PBXBuildFile section */

/* Begin PBXFileReference section */
		27C90528E9FFB3CF715E8875 /* Pods_Redog.framework */ = {isa = PBXFileReference; explicitFileType = wrapper.framework; includeInIndex = 0; path = Pods_Redog.framework; sourceTree = BUILT_PRODUCTS_DIR; };
		5A0B491F8F00749F4DE351A6 /* Pods-Redog.release.xcconfig */ = {isa = PBXFileReference; includeInIndex = 1; lastKnownFileType = text.xcconfig; name = "Pods-Redog.release.xcconfig"; path = "Target Support Files/Pods-Redog/Pods-Redog.release.xcconfig"; sourceTree = "<group>"; };
		A7B17A6A4B542459C39EF1A1 /* Pods-Redog.debug.xcconfig */ = {isa = PBXFileReference; includeInIndex = 1; lastKnownFileType = text.xcconfig; name = "Pods-Redog.debug.xcconfig"; path = "Target Support Files/Pods-Redog/Pods-Redog.debug.xcconfig"; sourceTree = "<group>"; };
		AC5EB14C2BE6C13F006FDFAD /* MyRecentDogsCollectionViewCell.swift */ = {isa = PBXFileReference; lastKnownFileType = sourcecode.swift; path = MyRecentDogsCollectionViewCell.swift; sourceTree = "<group>"; };
		AC5EB14D2BE6C13F006FDFAD /* MyRecentDogsCollectionViewCell.xib */ = {isa = PBXFileReference; lastKnownFileType = file.xib; path = MyRecentDogsCollectionViewCell.xib; sourceTree = "<group>"; };
		AC9D6A472BE62570002F4945 /* StoryBoardUtility.swift */ = {isa = PBXFileReference; lastKnownFileType = sourcecode.swift; path = StoryBoardUtility.swift; sourceTree = "<group>"; };
		AC9D6A4B2BE62F6D002F4945 /* APIRequest.swift */ = {isa = PBXFileReference; lastKnownFileType = sourcecode.swift; path = APIRequest.swift; sourceTree = "<group>"; };
		AC9D6A4D2BE63175002F4945 /* APIClient.swift */ = {isa = PBXFileReference; lastKnownFileType = sourcecode.swift; path = APIClient.swift; sourceTree = "<group>"; };
		AC9D6A512BE635AC002F4945 /* GenerateDogsModel.swift */ = {isa = PBXFileReference; lastKnownFileType = sourcecode.swift; path = GenerateDogsModel.swift; sourceTree = "<group>"; };
		AC9D6A532BE63930002F4945 /* GenerateDogsViewModel.swift */ = {isa = PBXFileReference; lastKnownFileType = sourcecode.swift; path = GenerateDogsViewModel.swift; sourceTree = "<group>"; };
		AC9D6A552BE64157002F4945 /* CacheManager.swift */ = {isa = PBXFileReference; lastKnownFileType = sourcecode.swift; path = CacheManager.swift; sourceTree = "<group>"; };
		ACED795C2BE613820014C1F3 /* Redog.app */ = {isa = PBXFileReference; explicitFileType = wrapper.application; includeInIndex = 0; path = Redog.app; sourceTree = BUILT_PRODUCTS_DIR; };
		ACED795F2BE613820014C1F3 /* AppDelegate.swift */ = {isa = PBXFileReference; lastKnownFileType = sourcecode.swift; path = AppDelegate.swift; sourceTree = "<group>"; };
		ACED79612BE613820014C1F3 /* SceneDelegate.swift */ = {isa = PBXFileReference; lastKnownFileType = sourcecode.swift; path = SceneDelegate.swift; sourceTree = "<group>"; };
		ACED79632BE613820014C1F3 /* HomeViewController.swift */ = {isa = PBXFileReference; lastKnownFileType = sourcecode.swift; path = HomeViewController.swift; sourceTree = "<group>"; };
		ACED79662BE613830014C1F3 /* Base */ = {isa = PBXFileReference; lastKnownFileType = file.storyboard; name = Base; path = Base.lproj/Main.storyboard; sourceTree = "<group>"; };
		ACED79682BE613840014C1F3 /* Assets.xcassets */ = {isa = PBXFileReference; lastKnownFileType = folder.assetcatalog; path = Assets.xcassets; sourceTree = "<group>"; };
		ACED796B2BE613840014C1F3 /* Base */ = {isa = PBXFileReference; lastKnownFileType = file.storyboard; name = Base; path = Base.lproj/LaunchScreen.storyboard; sourceTree = "<group>"; };
		ACED796D2BE613840014C1F3 /* Info.plist */ = {isa = PBXFileReference; lastKnownFileType = text.plist.xml; path = Info.plist; sourceTree = "<group>"; };
		ACED79752BE619F50014C1F3 /* GenerateDogsViewController.swift */ = {isa = PBXFileReference; lastKnownFileType = sourcecode.swift; path = GenerateDogsViewController.swift; sourceTree = "<group>"; };
		ACED79772BE61A350014C1F3 /* MyRecentlyDogsViewController.swift */ = {isa = PBXFileReference; lastKnownFileType = sourcecode.swift; path = MyRecentlyDogsViewController.swift; sourceTree = "<group>"; };
		ACED79792BE61D170014C1F3 /* RoundedButton.swift */ = {isa = PBXFileReference; lastKnownFileType = sourcecode.swift; path = RoundedButton.swift; sourceTree = "<group>"; };
/* End PBXFileReference section */

/* Begin PBXFrameworksBuildPhase section */
		ACED79592BE613820014C1F3 /* Frameworks */ = {
			isa = PBXFrameworksBuildPhase;
			buildActionMask = 2147483647;
			files = (
				C8CE62315B80D05A925F6CD3 /* Pods_Redog.framework in Frameworks */,
			);
			runOnlyForDeploymentPostprocessing = 0;
		};
/* End PBXFrameworksBuildPhase section */

/* Begin PBXGroup section */
		293516CCB1494501F0893F87 /* Pods */ = {
			isa = PBXGroup;
			children = (
				A7B17A6A4B542459C39EF1A1 /* Pods-Redog.debug.xcconfig */,
				5A0B491F8F00749F4DE351A6 /* Pods-Redog.release.xcconfig */,
			);
			path = Pods;
			sourceTree = "<group>";
		};
		4230B5779044881217CD65C2 /* Frameworks */ = {
			isa = PBXGroup;
			children = (
				27C90528E9FFB3CF715E8875 /* Pods_Redog.framework */,
			);
			name = Frameworks;
			sourceTree = "<group>";
		};
		AC5EB1462BE6BD5A006FDFAD /* Home */ = {
			isa = PBXGroup;
			children = (
				ACED79632BE613820014C1F3 /* HomeViewController.swift */,
			);
			path = Home;
			sourceTree = "<group>";
		};
		AC5EB1472BE6BD6B006FDFAD /* GenerateDogs */ = {
			isa = PBXGroup;
			children = (
				ACED79752BE619F50014C1F3 /* GenerateDogsViewController.swift */,
				AC9D6A532BE63930002F4945 /* GenerateDogsViewModel.swift */,
				AC9D6A512BE635AC002F4945 /* GenerateDogsModel.swift */,
			);
			path = GenerateDogs;
			sourceTree = "<group>";
		};
		AC5EB1492BE6BD9F006FDFAD /* MyRecentDogs */ = {
			isa = PBXGroup;
			children = (
				ACED79772BE61A350014C1F3 /* MyRecentlyDogsViewController.swift */,
				AC5EB14C2BE6C13F006FDFAD /* MyRecentDogsCollectionViewCell.swift */,
				AC5EB14D2BE6C13F006FDFAD /* MyRecentDogsCollectionViewCell.xib */,
			);
			path = MyRecentDogs;
			sourceTree = "<group>";
		};
		AC5EB14A2BE6BDBB006FDFAD /* UI+Extensions */ = {
			isa = PBXGroup;
			children = (
				AC9D6A472BE62570002F4945 /* StoryBoardUtility.swift */,
				ACED79792BE61D170014C1F3 /* RoundedButton.swift */,
			);
			path = "UI+Extensions";
			sourceTree = "<group>";
		};
		AC5EB14B2BE6BDF6006FDFAD /* DataManager */ = {
			isa = PBXGroup;
			children = (
				AC9D6A552BE64157002F4945 /* CacheManager.swift */,
				AC9D6A4B2BE62F6D002F4945 /* APIRequest.swift */,
				AC9D6A4D2BE63175002F4945 /* APIClient.swift */,
			);
			path = DataManager;
			sourceTree = "<group>";
		};
		ACED79532BE613820014C1F3 = {
			isa = PBXGroup;
			children = (
				ACED795E2BE613820014C1F3 /* Redog */,
				ACED795D2BE613820014C1F3 /* Products */,
				293516CCB1494501F0893F87 /* Pods */,
				4230B5779044881217CD65C2 /* Frameworks */,
			);
			sourceTree = "<group>";
		};
		ACED795D2BE613820014C1F3 /* Products */ = {
			isa = PBXGroup;
			children = (
				ACED795C2BE613820014C1F3 /* Redog.app */,
			);
			name = Products;
			sourceTree = "<group>";
		};
		ACED795E2BE613820014C1F3 /* Redog */ = {
			isa = PBXGroup;
			children = (
				ACED795F2BE613820014C1F3 /* AppDelegate.swift */,
				ACED79612BE613820014C1F3 /* SceneDelegate.swift */,
				AC5EB1462BE6BD5A006FDFAD /* Home */,
				AC5EB1472BE6BD6B006FDFAD /* GenerateDogs */,
				AC5EB1492BE6BD9F006FDFAD /* MyRecentDogs */,
				AC5EB14A2BE6BDBB006FDFAD /* UI+Extensions */,
				AC5EB14B2BE6BDF6006FDFAD /* DataManager */,
				ACED79652BE613830014C1F3 /* Main.storyboard */,
				ACED79682BE613840014C1F3 /* Assets.xcassets */,
				ACED796A2BE613840014C1F3 /* LaunchScreen.storyboard */,
				ACED796D2BE613840014C1F3 /* Info.plist */,
			);
			path = Redog;
			sourceTree = "<group>";
		};
/* End PBXGroup section */

/* Begin PBXNativeTarget section */
		ACED795B2BE613820014C1F3 /* Redog */ = {
			isa = PBXNativeTarget;
			buildConfigurationList = ACED79702BE613840014C1F3 /* Build configuration list for PBXNativeTarget "Redog" */;
			buildPhases = (
				FAA8519594D28FC9CB27106C /* [CP] Check Pods Manifest.lock */,
				ACED79582BE613820014C1F3 /* Sources */,
				ACED79592BE613820014C1F3 /* Frameworks */,
				ACED795A2BE613820014C1F3 /* Resources */,
			);
			buildRules = (
			);
			dependencies = (
			);
			name = Redog;
			productName = Redog;
			productReference = ACED795C2BE613820014C1F3 /* Redog.app */;
			productType = "com.apple.product-type.application";
		};
/* End PBXNativeTarget section */

/* Begin PBXProject section */
		ACED79542BE613820014C1F3 /* Project object */ = {
			isa = PBXProject;
			attributes = {
				BuildIndependentTargetsInParallel = 1;
				LastSwiftUpdateCheck = 1530;
				LastUpgradeCheck = 1530;
				TargetAttributes = {
					ACED795B2BE613820014C1F3 = {
						CreatedOnToolsVersion = 15.3;
					};
				};
			};
			buildConfigurationList = ACED79572BE613820014C1F3 /* Build configuration list for PBXProject "Redog" */;
			compatibilityVersion = "Xcode 14.0";
			developmentRegion = en;
			hasScannedForEncodings = 0;
			knownRegions = (
				en,
				Base,
			);
			mainGroup = ACED79532BE613820014C1F3;
			productRefGroup = ACED795D2BE613820014C1F3 /* Products */;
			projectDirPath = "";
			projectRoot = "";
			targets = (
				ACED795B2BE613820014C1F3 /* Redog */,
			);
		};
/* End PBXProject section */

/* Begin PBXResourcesBuildPhase section */
		ACED795A2BE613820014C1F3 /* Resources */ = {
			isa = PBXResourcesBuildPhase;
			buildActionMask = 2147483647;
			files = (
				ACED79692BE613840014C1F3 /* Assets.xcassets in Resources */,
				ACED796C2BE613840014C1F3 /* Base in Resources */,
				AC5EB14F2BE6C13F006FDFAD /* MyRecentDogsCollectionViewCell.xib in Resources */,
				ACED79672BE613830014C1F3 /* Base in Resources */,
			);
			runOnlyForDeploymentPostprocessing = 0;
		};
/* End PBXResourcesBuildPhase section */

/* Begin PBXShellScriptBuildPhase section */
		FAA8519594D28FC9CB27106C /* [CP] Check Pods Manifest.lock */ = {
			isa = PBXShellScriptBuildPhase;
			buildActionMask = 2147483647;
			files = (
			);
			inputFileListPaths = (
			);
			inputPaths = (
				"${PODS_PODFILE_DIR_PATH}/Podfile.lock",
				"${PODS_ROOT}/Manifest.lock",
			);
			name = "[CP] Check Pods Manifest.lock";
			outputFileListPaths = (
			);
			outputPaths = (
				"$(DERIVED_FILE_DIR)/Pods-Redog-checkManifestLockResult.txt",
			);
			runOnlyForDeploymentPostprocessing = 0;
			shellPath = /bin/sh;
			shellScript = "diff \"${PODS_PODFILE_DIR_PATH}/Podfile.lock\" \"${PODS_ROOT}/Manifest.lock\" > /dev/null\nif [ $? != 0 ] ; then\n    # print error to STDERR\n    echo \"error: The sandbox is not in sync with the Podfile.lock. Run 'pod install' or update your CocoaPods installation.\" >&2\n    exit 1\nfi\n# This output is used by Xcode 'outputs' to avoid re-running this script phase.\necho \"SUCCESS\" > \"${SCRIPT_OUTPUT_FILE_0}\"\n";
			showEnvVarsInLog = 0;
		};
/* End PBXShellScriptBuildPhase section */

/* Begin PBXSourcesBuildPhase section */
		ACED79582BE613820014C1F3 /* Sources */ = {
			isa = PBXSourcesBuildPhase;
			buildActionMask = 2147483647;
			files = (
				AC5EB14E2BE6C13F006FDFAD /* MyRecentDogsCollectionViewCell.swift in Sources */,
				AC9D6A562BE64157002F4945 /* CacheManager.swift in Sources */,
				ACED79762BE619F50014C1F3 /* GenerateDogsViewController.swift in Sources */,
				AC9D6A522BE635AC002F4945 /* GenerateDogsModel.swift in Sources */,
				ACED797A2BE61D170014C1F3 /* RoundedButton.swift in Sources */,
				AC9D6A482BE62570002F4945 /* StoryBoardUtility.swift in Sources */,
				AC9D6A4E2BE63175002F4945 /* APIClient.swift in Sources */,
				ACED79642BE613820014C1F3 /* HomeViewController.swift in Sources */,
				ACED79782BE61A350014C1F3 /* MyRecentlyDogsViewController.swift in Sources */,
				ACED79602BE613820014C1F3 /* AppDelegate.swift in Sources */,
				AC9D6A4C2BE62F6D002F4945 /* APIRequest.swift in Sources */,
				AC9D6A542BE63930002F4945 /* GenerateDogsViewModel.swift in Sources */,
				ACED79622BE613820014C1F3 /* SceneDelegate.swift in Sources */,
			);
			runOnlyForDeploymentPostprocessing = 0;
		};
/* End PBXSourcesBuildPhase section */

/* Begin PBXVariantGroup section */
		ACED79652BE613830014C1F3 /* Main.storyboard */ = {
			isa = PBXVariantGroup;
			children = (
				ACED79662BE613830014C1F3 /* Base */,
			);
			name = Main.storyboard;
			sourceTree = "<group>";
		};
		ACED796A2BE613840014C1F3 /* LaunchScreen.storyboard */ = {
			isa = PBXVariantGroup;
			children = (
				ACED796B2BE613840014C1F3 /* Base */,
			);
			name = LaunchScreen.storyboard;
			sourceTree = "<group>";
		};
/* End PBXVariantGroup section */

/* Begin XCBuildConfiguration section */
		ACED796E2BE613840014C1F3 /* Debug */ = {
			isa = XCBuildConfiguration;
			buildSettings = {
				ALWAYS_SEARCH_USER_PATHS = NO;
				ASSETCATALOG_COMPILER_GENERATE_SWIFT_ASSET_SYMBOL_EXTENSIONS = YES;
				CLANG_ANALYZER_NONNULL = YES;
				CLANG_ANALYZER_NUMBER_OBJECT_CONVERSION = YES_AGGRESSIVE;
				CLANG_CXX_LANGUAGE_STANDARD = "gnu++20";
				CLANG_ENABLE_MODULES = YES;
				CLANG_ENABLE_OBJC_ARC = YES;
				CLANG_ENABLE_OBJC_WEAK = YES;
				CLANG_WARN_BLOCK_CAPTURE_AUTORELEASING = YES;
				CLANG_WARN_BOOL_CONVERSION = YES;
				CLANG_WARN_COMMA = YES;
				CLANG_WARN_CONSTANT_CONVERSION = YES;
				CLANG_WARN_DEPRECATED_OBJC_IMPLEMENTATIONS = YES;
				CLANG_WARN_DIRECT_OBJC_ISA_USAGE = YES_ERROR;
				CLANG_WARN_DOCUMENTATION_COMMENTS = YES;
				CLANG_WARN_EMPTY_BODY = YES;
				CLANG_WARN_ENUM_CONVERSION = YES;
				CLANG_WARN_INFINITE_RECURSION = YES;
				CLANG_WARN_INT_CONVERSION = YES;
				CLANG_WARN_NON_LITERAL_NULL_CONVERSION = YES;
				CLANG_WARN_OBJC_IMPLICIT_RETAIN_SELF = YES;
				CLANG_WARN_OBJC_LITERAL_CONVERSION = YES;
				CLANG_WARN_OBJC_ROOT_CLASS = YES_ERROR;
				CLANG_WARN_QUOTED_INCLUDE_IN_FRAMEWORK_HEADER = YES;
				CLANG_WARN_RANGE_LOOP_ANALYSIS = YES;
				CLANG_WARN_STRICT_PROTOTYPES = YES;
				CLANG_WARN_SUSPICIOUS_MOVE = YES;
				CLANG_WARN_UNGUARDED_AVAILABILITY = YES_AGGRESSIVE;
				CLANG_WARN_UNREACHABLE_CODE = YES;
				CLANG_WARN__DUPLICATE_METHOD_MATCH = YES;
				COPY_PHASE_STRIP = NO;
				DEBUG_INFORMATION_FORMAT = dwarf;
				ENABLE_STRICT_OBJC_MSGSEND = YES;
				ENABLE_TESTABILITY = YES;
				ENABLE_USER_SCRIPT_SANDBOXING = YES;
				GCC_C_LANGUAGE_STANDARD = gnu17;
				GCC_DYNAMIC_NO_PIC = NO;
				GCC_NO_COMMON_BLOCKS = YES;
				GCC_OPTIMIZATION_LEVEL = 0;
				GCC_PREPROCESSOR_DEFINITIONS = (
					"DEBUG=1",
					"$(inherited)",
				);
				GCC_WARN_64_TO_32_BIT_CONVERSION = YES;
				GCC_WARN_ABOUT_RETURN_TYPE = YES_ERROR;
				GCC_WARN_UNDECLARED_SELECTOR = YES;
				GCC_WARN_UNINITIALIZED_AUTOS = YES_AGGRESSIVE;
				GCC_WARN_UNUSED_FUNCTION = YES;
				GCC_WARN_UNUSED_VARIABLE = YES;
				IPHONEOS_DEPLOYMENT_TARGET = 17.4;
				LOCALIZATION_PREFERS_STRING_CATALOGS = YES;
				MTL_ENABLE_DEBUG_INFO = INCLUDE_SOURCE;
				MTL_FAST_MATH = YES;
				ONLY_ACTIVE_ARCH = YES;
				SDKROOT = iphoneos;
				SWIFT_ACTIVE_COMPILATION_CONDITIONS = "DEBUG $(inherited)";
				SWIFT_OPTIMIZATION_LEVEL = "-Onone";
			};
			name = Debug;
		};
		ACED796F2BE613840014C1F3 /* Release */ = {
			isa = XCBuildConfiguration;
			buildSettings = {
				ALWAYS_SEARCH_USER_PATHS = NO;
				ASSETCATALOG_COMPILER_GENERATE_SWIFT_ASSET_SYMBOL_EXTENSIONS = YES;
				CLANG_ANALYZER_NONNULL = YES;
				CLANG_ANALYZER_NUMBER_OBJECT_CONVERSION = YES_AGGRESSIVE;
				CLANG_CXX_LANGUAGE_STANDARD = "gnu++20";
				CLANG_ENABLE_MODULES = YES;
				CLANG_ENABLE_OBJC_ARC = YES;
				CLANG_ENABLE_OBJC_WEAK = YES;
				CLANG_WARN_BLOCK_CAPTURE_AUTORELEASING = YES;
				CLANG_WARN_BOOL_CONVERSION = YES;
				CLANG_WARN_COMMA = YES;
				CLANG_WARN_CONSTANT_CONVERSION = YES;
				CLANG_WARN_DEPRECATED_OBJC_IMPLEMENTATIONS = YES;
				CLANG_WARN_DIRECT_OBJC_ISA_USAGE = YES_ERROR;
				CLANG_WARN_DOCUMENTATION_COMMENTS = YES;
				CLANG_WARN_EMPTY_BODY = YES;
				CLANG_WARN_ENUM_CONVERSION = YES;
				CLANG_WARN_INFINITE_RECURSION = YES;
				CLANG_WARN_INT_CONVERSION = YES;
				CLANG_WARN_NON_LITERAL_NULL_CONVERSION = YES;
				CLANG_WARN_OBJC_IMPLICIT_RETAIN_SELF = YES;
				CLANG_WARN_OBJC_LITERAL_CONVERSION = YES;
				CLANG_WARN_OBJC_ROOT_CLASS = YES_ERROR;
				CLANG_WARN_QUOTED_INCLUDE_IN_FRAMEWORK_HEADER = YES;
				CLANG_WARN_RANGE_LOOP_ANALYSIS = YES;
				CLANG_WARN_STRICT_PROTOTYPES = YES;
				CLANG_WARN_SUSPICIOUS_MOVE = YES;
				CLANG_WARN_UNGUARDED_AVAILABILITY = YES_AGGRESSIVE;
				CLANG_WARN_UNREACHABLE_CODE = YES;
				CLANG_WARN__DUPLICATE_METHOD_MATCH = YES;
				COPY_PHASE_STRIP = NO;
				DEBUG_INFORMATION_FORMAT = "dwarf-with-dsym";
				ENABLE_NS_ASSERTIONS = NO;
				ENABLE_STRICT_OBJC_MSGSEND = YES;
				ENABLE_USER_SCRIPT_SANDBOXING = YES;
				GCC_C_LANGUAGE_STANDARD = gnu17;
				GCC_NO_COMMON_BLOCKS = YES;
				GCC_WARN_64_TO_32_BIT_CONVERSION = YES;
				GCC_WARN_ABOUT_RETURN_TYPE = YES_ERROR;
				GCC_WARN_UNDECLARED_SELECTOR = YES;
				GCC_WARN_UNINITIALIZED_AUTOS = YES_AGGRESSIVE;
				GCC_WARN_UNUSED_FUNCTION = YES;
				GCC_WARN_UNUSED_VARIABLE = YES;
				IPHONEOS_DEPLOYMENT_TARGET = 17.4;
				LOCALIZATION_PREFERS_STRING_CATALOGS = YES;
				MTL_ENABLE_DEBUG_INFO = NO;
				MTL_FAST_MATH = YES;
				SDKROOT = iphoneos;
				SWIFT_COMPILATION_MODE = wholemodule;
				VALIDATE_PRODUCT = YES;
			};
			name = Release;
		};
		ACED79712BE613840014C1F3 /* Debug */ = {
			isa = XCBuildConfiguration;
			baseConfigurationReference = A7B17A6A4B542459C39EF1A1 /* Pods-Redog.debug.xcconfig */;
			buildSettings = {
				ASSETCATALOG_COMPILER_APPICON_NAME = AppIcon;
				ASSETCATALOG_COMPILER_GLOBAL_ACCENT_COLOR_NAME = AccentColor;
				CODE_SIGN_STYLE = Automatic;
				CURRENT_PROJECT_VERSION = 1;
				GENERATE_INFOPLIST_FILE = YES;
				INFOPLIST_FILE = Redog/Info.plist;
				INFOPLIST_KEY_UIApplicationSupportsIndirectInputEvents = YES;
				INFOPLIST_KEY_UILaunchStoryboardName = LaunchScreen;
				INFOPLIST_KEY_UIMainStoryboardFile = Main;
				INFOPLIST_KEY_UISupportedInterfaceOrientations_iPad = "UIInterfaceOrientationPortrait UIInterfaceOrientationPortraitUpsideDown UIInterfaceOrientationLandscapeLeft UIInterfaceOrientationLandscapeRight";
				INFOPLIST_KEY_UISupportedInterfaceOrientations_iPhone = "UIInterfaceOrientationPortrait UIInterfaceOrientationLandscapeLeft UIInterfaceOrientationLandscapeRight";
				LD_RUNPATH_SEARCH_PATHS = (
					"$(inherited)",
					"@executable_path/Frameworks",
				);
				MARKETING_VERSION = 1.0;
				PRODUCT_BUNDLE_IDENTIFIER = com.practice.Redog;
				PRODUCT_NAME = "$(TARGET_NAME)";
				SWIFT_EMIT_LOC_STRINGS = YES;
				SWIFT_VERSION = 5.0;
				TARGETED_DEVICE_FAMILY = "1,2";
			};
			name = Debug;
		};
		ACED79722BE613840014C1F3 /* Release */ = {
			isa = XCBuildConfiguration;
			baseConfigurationReference = 5A0B491F8F00749F4DE351A6 /* Pods-Redog.release.xcconfig */;
			buildSettings = {
				ASSETCATALOG_COMPILER_APPICON_NAME = AppIcon;
				ASSETCATALOG_COMPILER_GLOBAL_ACCENT_COLOR_NAME = AccentColor;
				CODE_SIGN_STYLE = Automatic;
				CURRENT_PROJECT_VERSION = 1;
				GENERATE_INFOPLIST_FILE = YES;
				INFOPLIST_FILE = Redog/Info.plist;
				INFOPLIST_KEY_UIApplicationSupportsIndirectInputEvents = YES;
				INFOPLIST_KEY_UILaunchStoryboardName = LaunchScreen;
				INFOPLIST_KEY_UIMainStoryboardFile = Main;
				INFOPLIST_KEY_UISupportedInterfaceOrientations_iPad = "UIInterfaceOrientationPortrait UIInterfaceOrientationPortraitUpsideDown UIInterfaceOrientationLandscapeLeft UIInterfaceOrientationLandscapeRight";
				INFOPLIST_KEY_UISupportedInterfaceOrientations_iPhone = "UIInterfaceOrientationPortrait UIInterfaceOrientationLandscapeLeft UIInterfaceOrientationLandscapeRight";
				LD_RUNPATH_SEARCH_PATHS = (
					"$(inherited)",
					"@executable_path/Frameworks",
				);
				MARKETING_VERSION = 1.0;
				PRODUCT_BUNDLE_IDENTIFIER = com.practice.Redog;
				PRODUCT_NAME = "$(TARGET_NAME)";
				SWIFT_EMIT_LOC_STRINGS = YES;
				SWIFT_VERSION = 5.0;
				TARGETED_DEVICE_FAMILY = "1,2";
			};
			name = Release;
		};
/* End XCBuildConfiguration section */

/* Begin XCConfigurationList section */
		ACED79572BE613820014C1F3 /* Build configuration list for PBXProject "Redog" */ = {
			isa = XCConfigurationList;
			buildConfigurations = (
				ACED796E2BE613840014C1F3 /* Debug */,
				ACED796F2BE613840014C1F3 /* Release */,
			);
			defaultConfigurationIsVisible = 0;
			defaultConfigurationName = Release;
		};
		ACED79702BE613840014C1F3 /* Build configuration list for PBXNativeTarget "Redog" */ = {
			isa = XCConfigurationList;
			buildConfigurations = (
				ACED79712BE613840014C1F3 /* Debug */,
				ACED79722BE613840014C1F3 /* Release */,
			);
			defaultConfigurationIsVisible = 0;
			defaultConfigurationName = Release;
		};
/* End XCConfigurationList section */
	};
	rootObject = ACED79542BE613820014C1F3 /* Project object */;
}
